// !$*UTF8*$!
{
	archiveVersion = 1;
	classes = {
	};
	objectVersion = 56;
	objects = {

/* Begin PBXBuildFile section */
		F430664E2D01C42B003D0EC6 /* TournamentDetailVC.xib in Resources */ = {isa = PBXBuildFile; fileRef = F430664D2D01C42B003D0EC6 /* TournamentDetailVC.xib */; };
		F430664F2D01C42B003D0EC6 /* TournamentDetailVC.swift in Sources */ = {isa = PBXBuildFile; fileRef = F430664C2D01C42B003D0EC6 /* TournamentDetailVC.swift */; };
		F43066532D01C62E003D0EC6 /* DataCell.xib in Resources */ = {isa = PBXBuildFile; fileRef = F43066522D01C62E003D0EC6 /* DataCell.xib */; };
		F43066542D01C62E003D0EC6 /* DataCell.swift in Sources */ = {isa = PBXBuildFile; fileRef = F43066512D01C62E003D0EC6 /* DataCell.swift */; };
		F43A8B9A2D003CB40098F83B /* DashboardTab.swift in Sources */ = {isa = PBXBuildFile; fileRef = F43A8B982D003CB40098F83B /* DashboardTab.swift */; };
		F43A8B9B2D003CB40098F83B /* DashboardTab.xib in Resources */ = {isa = PBXBuildFile; fileRef = F43A8B992D003CB40098F83B /* DashboardTab.xib */; };
		F43A8B9F2D0054D00098F83B /* TournamentsVC.swift in Sources */ = {isa = PBXBuildFile; fileRef = F43A8B9D2D0054D00098F83B /* TournamentsVC.swift */; };
		F43A8BA02D0054D00098F83B /* TournamentsVC.xib in Resources */ = {isa = PBXBuildFile; fileRef = F43A8B9E2D0054D00098F83B /* TournamentsVC.xib */; };
		F43A8BA42D00550A0098F83B /* RankingVC.swift in Sources */ = {isa = PBXBuildFile; fileRef = F43A8BA22D00550A0098F83B /* RankingVC.swift */; };
		F43A8BA52D00550A0098F83B /* RankingVC.xib in Resources */ = {isa = PBXBuildFile; fileRef = F43A8BA32D00550A0098F83B /* RankingVC.xib */; };
		F43A8BA92D0055CD0098F83B /* SettingsVC.swift in Sources */ = {isa = PBXBuildFile; fileRef = F43A8BA72D0055CD0098F83B /* SettingsVC.swift */; };
		F43A8BAA2D0055CD0098F83B /* SettingsVC.xib in Resources */ = {isa = PBXBuildFile; fileRef = F43A8BA82D0055CD0098F83B /* SettingsVC.xib */; };
		F47F64CE2CFEF079002F8930 /* ButtonExt.swift in Sources */ = {isa = PBXBuildFile; fileRef = F47F64CD2CFEF079002F8930 /* ButtonExt.swift */; };
		F47F64D02CFEF2C4002F8930 /* TextFieldExt.swift in Sources */ = {isa = PBXBuildFile; fileRef = F47F64CF2CFEF2C4002F8930 /* TextFieldExt.swift */; };
		F47F64D42CFEF976002F8930 /* RegisterVC.xib in Resources */ = {isa = PBXBuildFile; fileRef = F47F64D32CFEF976002F8930 /* RegisterVC.xib */; };
		F47F64D52CFEF976002F8930 /* RegisterVC.swift in Sources */ = {isa = PBXBuildFile; fileRef = F47F64D22CFEF976002F8930 /* RegisterVC.swift */; };
		F47F64DB2CFF0E62002F8930 /* ADCountry.swift in Sources */ = {isa = PBXBuildFile; fileRef = F47F64D62CFF0E62002F8930 /* ADCountry.swift */; };
		F47F64DC2CFF0E62002F8930 /* ADCountryPicker.swift in Sources */ = {isa = PBXBuildFile; fileRef = F47F64D72CFF0E62002F8930 /* ADCountryPicker.swift */; };
		F47F64DD2CFF0E62002F8930 /* assets.bundle in Resources */ = {isa = PBXBuildFile; fileRef = F47F64D82CFF0E62002F8930 /* assets.bundle */; };
		F47F64DE2CFF0E62002F8930 /* CallingCodes.plist in Resources */ = {isa = PBXBuildFile; fileRef = F47F64D92CFF0E62002F8930 /* CallingCodes.plist */; };
		F47F64E22CFF2B04002F8930 /* OTPVC.xib in Resources */ = {isa = PBXBuildFile; fileRef = F47F64E12CFF2B04002F8930 /* OTPVC.xib */; };
		F47F64E32CFF2B04002F8930 /* OTPVC.swift in Sources */ = {isa = PBXBuildFile; fileRef = F47F64E02CFF2B04002F8930 /* OTPVC.swift */; };
		F47F64E52CFF3209002F8930 /* LabelExt.swift in Sources */ = {isa = PBXBuildFile; fileRef = F47F64E42CFF3209002F8930 /* LabelExt.swift */; };
		F4AE352F2CFD9A3200766A02 /* AppDelegate.swift in Sources */ = {isa = PBXBuildFile; fileRef = F4AE352E2CFD9A3200766A02 /* AppDelegate.swift */; };
		F4AE35312CFD9A3200766A02 /* SceneDelegate.swift in Sources */ = {isa = PBXBuildFile; fileRef = F4AE35302CFD9A3200766A02 /* SceneDelegate.swift */; };
		F4AE35382CFD9A3200766A02 /* Assets.xcassets in Resources */ = {isa = PBXBuildFile; fileRef = F4AE35372CFD9A3200766A02 /* Assets.xcassets */; };
		F4AE353B2CFD9A3200766A02 /* Base in Resources */ = {isa = PBXBuildFile; fileRef = F4AE353A2CFD9A3200766A02 /* Base */; };
		F4AE354A2CFDA34900766A02 /* Poppins-Bold.ttf in Resources */ = {isa = PBXBuildFile; fileRef = F4AE35442CFDA34900766A02 /* Poppins-Bold.ttf */; };
		F4AE354B2CFDA34900766A02 /* Poppins-Light.ttf in Resources */ = {isa = PBXBuildFile; fileRef = F4AE35452CFDA34900766A02 /* Poppins-Light.ttf */; };
		F4AE354C2CFDA34900766A02 /* Poppins-Medium.ttf in Resources */ = {isa = PBXBuildFile; fileRef = F4AE35462CFDA34900766A02 /* Poppins-Medium.ttf */; };
		F4AE354D2CFDA34900766A02 /* Poppins-Regular.ttf in Resources */ = {isa = PBXBuildFile; fileRef = F4AE35472CFDA34900766A02 /* Poppins-Regular.ttf */; };
		F4AE354E2CFDA34900766A02 /* Poppins-SemiBold.ttf in Resources */ = {isa = PBXBuildFile; fileRef = F4AE35482CFDA34900766A02 /* Poppins-SemiBold.ttf */; };
		F4AE35502CFDA37F00766A02 /* FontExtension.swift in Sources */ = {isa = PBXBuildFile; fileRef = F4AE354F2CFDA37F00766A02 /* FontExtension.swift */; };
		F4AE35532CFDA47100766A02 /* CustomColor.swift in Sources */ = {isa = PBXBuildFile; fileRef = F4AE35512CFDA47100766A02 /* CustomColor.swift */; };
		F4AE35582CFDA67400766A02 /* BaseVC.swift in Sources */ = {isa = PBXBuildFile; fileRef = F4AE35572CFDA67400766A02 /* BaseVC.swift */; };
		F4AE355B2CFDA6E800766A02 /* ActivityHUD.swift in Sources */ = {isa = PBXBuildFile; fileRef = F4AE35592CFDA6E800766A02 /* ActivityHUD.swift */; };
		F4AE355F2CFDA72300766A02 /* CommonConstants.swift in Sources */ = {isa = PBXBuildFile; fileRef = F4AE355C2CFDA72300766A02 /* CommonConstants.swift */; };
		F4AE35602CFDA72300766A02 /* ViewConstants.swift in Sources */ = {isa = PBXBuildFile; fileRef = F4AE355D2CFDA72300766A02 /* ViewConstants.swift */; };
		F4AE35632CFDA7A700766A02 /* LoginVC.swift in Sources */ = {isa = PBXBuildFile; fileRef = F4AE35612CFDA7A700766A02 /* LoginVC.swift */; };
		F4AE35642CFDA7A700766A02 /* LoginVC.xib in Resources */ = {isa = PBXBuildFile; fileRef = F4AE35622CFDA7A700766A02 /* LoginVC.xib */; };
		F4AE35672CFDA83600766A02 /* NibExt.swift in Sources */ = {isa = PBXBuildFile; fileRef = F4AE35662CFDA83600766A02 /* NibExt.swift */; };
		F4AE35692CFDAA5D00766A02 /* Main.storyboard in Resources */ = {isa = PBXBuildFile; fileRef = F4AE35682CFDAA5D00766A02 /* Main.storyboard */; };
		F4E926632D04341500D98217 /* LoginVM.swift in Sources */ = {isa = PBXBuildFile; fileRef = F4E926622D04341500D98217 /* LoginVM.swift */; };
		F4E9266B2D0435C700D98217 /* NetworkManager.swift in Sources */ = {isa = PBXBuildFile; fileRef = F4E926642D0435C700D98217 /* NetworkManager.swift */; };
		F4E9266C2D0435C700D98217 /* NetworkUrls.swift in Sources */ = {isa = PBXBuildFile; fileRef = F4E926652D0435C700D98217 /* NetworkUrls.swift */; };
		F4E9266D2D0435C700D98217 /* DefaultKeys.swift in Sources */ = {isa = PBXBuildFile; fileRef = F4E926672D0435C700D98217 /* DefaultKeys.swift */; };
		F4E9266E2D0435C700D98217 /* DefaultWrapper.swift in Sources */ = {isa = PBXBuildFile; fileRef = F4E926682D0435C700D98217 /* DefaultWrapper.swift */; };
		F4E926722D043AD400D98217 /* ValidationMethods.swift in Sources */ = {isa = PBXBuildFile; fileRef = F4E926702D043AD400D98217 /* ValidationMethods.swift */; };
		F4E926742D043CD300D98217 /* LoginModel.swift in Sources */ = {isa = PBXBuildFile; fileRef = F4E926732D043CD300D98217 /* LoginModel.swift */; };
		F4E926762D04455800D98217 /* CommonDelegates.swift in Sources */ = {isa = PBXBuildFile; fileRef = F4E926752D04455800D98217 /* CommonDelegates.swift */; };
		F4E926792D046D7B00D98217 /* NetworkError.swift in Sources */ = {isa = PBXBuildFile; fileRef = F4E926782D046D7B00D98217 /* NetworkError.swift */; };
		F4E9267B2D046DAB00D98217 /* ErrorStrings.swift in Sources */ = {isa = PBXBuildFile; fileRef = F4E9267A2D046DAB00D98217 /* ErrorStrings.swift */; };
		F4E9267D2D046DDA00D98217 /* CommonModels.swift in Sources */ = {isa = PBXBuildFile; fileRef = F4E9267C2D046DDA00D98217 /* CommonModels.swift */; };
		F4E9267F2D04711900D98217 /* TournamentsVM.swift in Sources */ = {isa = PBXBuildFile; fileRef = F4E9267E2D04711900D98217 /* TournamentsVM.swift */; };
		F4E926812D04713000D98217 /* TournamentsModel.swift in Sources */ = {isa = PBXBuildFile; fileRef = F4E926802D04713000D98217 /* TournamentsModel.swift */; };
		F4EC46F02D00653B00EFC57F /* TournamentCell.swift in Sources */ = {isa = PBXBuildFile; fileRef = F4EC46EE2D00653B00EFC57F /* TournamentCell.swift */; };
		F4EC46F12D00653B00EFC57F /* TournamentCell.xib in Resources */ = {isa = PBXBuildFile; fileRef = F4EC46EF2D00653B00EFC57F /* TournamentCell.xib */; };
		F4EC46F32D007DC300EFC57F /* TableViewExt.swift in Sources */ = {isa = PBXBuildFile; fileRef = F4EC46F22D007DC300EFC57F /* TableViewExt.swift */; };
		FD76DDB4238C61EDFAC4D410 /* Pods_bidNPlay.framework in Frameworks */ = {isa = PBXBuildFile; fileRef = A8F791C94A2AD317F76CF026 /* Pods_bidNPlay.framework */; };
/* End PBXBuildFile section */

/* Begin PBXFileReference section */
		A8F791C94A2AD317F76CF026 /* Pods_bidNPlay.framework */ = {isa = PBXFileReference; explicitFileType = wrapper.framework; includeInIndex = 0; path = Pods_bidNPlay.framework; sourceTree = BUILT_PRODUCTS_DIR; };
		AC337FC5C0BA44A4A3A806A3 /* Pods-bidNPlay.debug.xcconfig */ = {isa = PBXFileReference; includeInIndex = 1; lastKnownFileType = text.xcconfig; name = "Pods-bidNPlay.debug.xcconfig"; path = "Target Support Files/Pods-bidNPlay/Pods-bidNPlay.debug.xcconfig"; sourceTree = "<group>"; };
		AE7D68D4C9662C5086586924 /* Pods-bidNPlay.release.xcconfig */ = {isa = PBXFileReference; includeInIndex = 1; lastKnownFileType = text.xcconfig; name = "Pods-bidNPlay.release.xcconfig"; path = "Target Support Files/Pods-bidNPlay/Pods-bidNPlay.release.xcconfig"; sourceTree = "<group>"; };
		F430664C2D01C42B003D0EC6 /* TournamentDetailVC.swift */ = {isa = PBXFileReference; lastKnownFileType = sourcecode.swift; path = TournamentDetailVC.swift; sourceTree = "<group>"; };
		F430664D2D01C42B003D0EC6 /* TournamentDetailVC.xib */ = {isa = PBXFileReference; lastKnownFileType = file.xib; path = TournamentDetailVC.xib; sourceTree = "<group>"; };
		F43066512D01C62E003D0EC6 /* DataCell.swift */ = {isa = PBXFileReference; lastKnownFileType = sourcecode.swift; path = DataCell.swift; sourceTree = "<group>"; };
		F43066522D01C62E003D0EC6 /* DataCell.xib */ = {isa = PBXFileReference; lastKnownFileType = file.xib; path = DataCell.xib; sourceTree = "<group>"; };
		F43A8B982D003CB40098F83B /* DashboardTab.swift */ = {isa = PBXFileReference; lastKnownFileType = sourcecode.swift; path = DashboardTab.swift; sourceTree = "<group>"; };
		F43A8B992D003CB40098F83B /* DashboardTab.xib */ = {isa = PBXFileReference; lastKnownFileType = file.xib; path = DashboardTab.xib; sourceTree = "<group>"; };
		F43A8B9D2D0054D00098F83B /* TournamentsVC.swift */ = {isa = PBXFileReference; lastKnownFileType = sourcecode.swift; path = TournamentsVC.swift; sourceTree = "<group>"; };
		F43A8B9E2D0054D00098F83B /* TournamentsVC.xib */ = {isa = PBXFileReference; lastKnownFileType = file.xib; path = TournamentsVC.xib; sourceTree = "<group>"; };
		F43A8BA22D00550A0098F83B /* RankingVC.swift */ = {isa = PBXFileReference; lastKnownFileType = sourcecode.swift; path = RankingVC.swift; sourceTree = "<group>"; };
		F43A8BA32D00550A0098F83B /* RankingVC.xib */ = {isa = PBXFileReference; lastKnownFileType = file.xib; path = RankingVC.xib; sourceTree = "<group>"; };
		F43A8BA72D0055CD0098F83B /* SettingsVC.swift */ = {isa = PBXFileReference; lastKnownFileType = sourcecode.swift; path = SettingsVC.swift; sourceTree = "<group>"; };
		F43A8BA82D0055CD0098F83B /* SettingsVC.xib */ = {isa = PBXFileReference; lastKnownFileType = file.xib; path = SettingsVC.xib; sourceTree = "<group>"; };
		F47F64CD2CFEF079002F8930 /* ButtonExt.swift */ = {isa = PBXFileReference; lastKnownFileType = sourcecode.swift; path = ButtonExt.swift; sourceTree = "<group>"; };
		F47F64CF2CFEF2C4002F8930 /* TextFieldExt.swift */ = {isa = PBXFileReference; lastKnownFileType = sourcecode.swift; path = TextFieldExt.swift; sourceTree = "<group>"; };
		F47F64D22CFEF976002F8930 /* RegisterVC.swift */ = {isa = PBXFileReference; lastKnownFileType = sourcecode.swift; path = RegisterVC.swift; sourceTree = "<group>"; };
		F47F64D32CFEF976002F8930 /* RegisterVC.xib */ = {isa = PBXFileReference; lastKnownFileType = file.xib; path = RegisterVC.xib; sourceTree = "<group>"; };
		F47F64D62CFF0E62002F8930 /* ADCountry.swift */ = {isa = PBXFileReference; fileEncoding = 4; lastKnownFileType = sourcecode.swift; path = ADCountry.swift; sourceTree = "<group>"; };
		F47F64D72CFF0E62002F8930 /* ADCountryPicker.swift */ = {isa = PBXFileReference; fileEncoding = 4; lastKnownFileType = sourcecode.swift; path = ADCountryPicker.swift; sourceTree = "<group>"; };
		F47F64D82CFF0E62002F8930 /* assets.bundle */ = {isa = PBXFileReference; lastKnownFileType = "wrapper.plug-in"; path = assets.bundle; sourceTree = "<group>"; };
		F47F64D92CFF0E62002F8930 /* CallingCodes.plist */ = {isa = PBXFileReference; fileEncoding = 4; lastKnownFileType = text.plist.xml; path = CallingCodes.plist; sourceTree = "<group>"; };
		F47F64E02CFF2B04002F8930 /* OTPVC.swift */ = {isa = PBXFileReference; lastKnownFileType = sourcecode.swift; path = OTPVC.swift; sourceTree = "<group>"; };
		F47F64E12CFF2B04002F8930 /* OTPVC.xib */ = {isa = PBXFileReference; lastKnownFileType = file.xib; path = OTPVC.xib; sourceTree = "<group>"; };
		F47F64E42CFF3209002F8930 /* LabelExt.swift */ = {isa = PBXFileReference; lastKnownFileType = sourcecode.swift; path = LabelExt.swift; sourceTree = "<group>"; };
		F4AE352B2CFD9A3100766A02 /* bidNPlay.app */ = {isa = PBXFileReference; explicitFileType = wrapper.application; includeInIndex = 0; path = bidNPlay.app; sourceTree = BUILT_PRODUCTS_DIR; };
		F4AE352E2CFD9A3200766A02 /* AppDelegate.swift */ = {isa = PBXFileReference; lastKnownFileType = sourcecode.swift; path = AppDelegate.swift; sourceTree = "<group>"; };
		F4AE35302CFD9A3200766A02 /* SceneDelegate.swift */ = {isa = PBXFileReference; lastKnownFileType = sourcecode.swift; path = SceneDelegate.swift; sourceTree = "<group>"; };
		F4AE35372CFD9A3200766A02 /* Assets.xcassets */ = {isa = PBXFileReference; lastKnownFileType = folder.assetcatalog; path = Assets.xcassets; sourceTree = "<group>"; };
		F4AE353A2CFD9A3200766A02 /* Base */ = {isa = PBXFileReference; lastKnownFileType = file.storyboard; name = Base; path = Base.lproj/LaunchScreen.storyboard; sourceTree = "<group>"; };
		F4AE353C2CFD9A3200766A02 /* Info.plist */ = {isa = PBXFileReference; lastKnownFileType = text.plist.xml; path = Info.plist; sourceTree = "<group>"; };
		F4AE35442CFDA34900766A02 /* Poppins-Bold.ttf */ = {isa = PBXFileReference; lastKnownFileType = file; path = "Poppins-Bold.ttf"; sourceTree = "<group>"; };
		F4AE35452CFDA34900766A02 /* Poppins-Light.ttf */ = {isa = PBXFileReference; lastKnownFileType = file; path = "Poppins-Light.ttf"; sourceTree = "<group>"; };
		F4AE35462CFDA34900766A02 /* Poppins-Medium.ttf */ = {isa = PBXFileReference; lastKnownFileType = file; path = "Poppins-Medium.ttf"; sourceTree = "<group>"; };
		F4AE35472CFDA34900766A02 /* Poppins-Regular.ttf */ = {isa = PBXFileReference; lastKnownFileType = file; path = "Poppins-Regular.ttf"; sourceTree = "<group>"; };
		F4AE35482CFDA34900766A02 /* Poppins-SemiBold.ttf */ = {isa = PBXFileReference; lastKnownFileType = file; path = "Poppins-SemiBold.ttf"; sourceTree = "<group>"; };
		F4AE354F2CFDA37F00766A02 /* FontExtension.swift */ = {isa = PBXFileReference; lastKnownFileType = sourcecode.swift; path = FontExtension.swift; sourceTree = "<group>"; };
		F4AE35512CFDA47100766A02 /* CustomColor.swift */ = {isa = PBXFileReference; fileEncoding = 4; lastKnownFileType = sourcecode.swift; path = CustomColor.swift; sourceTree = "<group>"; };
		F4AE35572CFDA67400766A02 /* BaseVC.swift */ = {isa = PBXFileReference; lastKnownFileType = sourcecode.swift; path = BaseVC.swift; sourceTree = "<group>"; };
		F4AE35592CFDA6E800766A02 /* ActivityHUD.swift */ = {isa = PBXFileReference; fileEncoding = 4; lastKnownFileType = sourcecode.swift; path = ActivityHUD.swift; sourceTree = "<group>"; };
		F4AE355C2CFDA72300766A02 /* CommonConstants.swift */ = {isa = PBXFileReference; fileEncoding = 4; lastKnownFileType = sourcecode.swift; path = CommonConstants.swift; sourceTree = "<group>"; };
		F4AE355D2CFDA72300766A02 /* ViewConstants.swift */ = {isa = PBXFileReference; fileEncoding = 4; lastKnownFileType = sourcecode.swift; path = ViewConstants.swift; sourceTree = "<group>"; };
		F4AE35612CFDA7A700766A02 /* LoginVC.swift */ = {isa = PBXFileReference; lastKnownFileType = sourcecode.swift; path = LoginVC.swift; sourceTree = "<group>"; };
		F4AE35622CFDA7A700766A02 /* LoginVC.xib */ = {isa = PBXFileReference; lastKnownFileType = file.xib; path = LoginVC.xib; sourceTree = "<group>"; };
		F4AE35662CFDA83600766A02 /* NibExt.swift */ = {isa = PBXFileReference; lastKnownFileType = sourcecode.swift; path = NibExt.swift; sourceTree = "<group>"; };
		F4AE35682CFDAA5D00766A02 /* Main.storyboard */ = {isa = PBXFileReference; lastKnownFileType = file.storyboard; path = Main.storyboard; sourceTree = "<group>"; };
		F4E926622D04341500D98217 /* LoginVM.swift */ = {isa = PBXFileReference; lastKnownFileType = sourcecode.swift; path = LoginVM.swift; sourceTree = "<group>"; };
		F4E926642D0435C700D98217 /* NetworkManager.swift */ = {isa = PBXFileReference; fileEncoding = 4; lastKnownFileType = sourcecode.swift; path = NetworkManager.swift; sourceTree = "<group>"; };
		F4E926652D0435C700D98217 /* NetworkUrls.swift */ = {isa = PBXFileReference; fileEncoding = 4; lastKnownFileType = sourcecode.swift; path = NetworkUrls.swift; sourceTree = "<group>"; };
		F4E926672D0435C700D98217 /* DefaultKeys.swift */ = {isa = PBXFileReference; fileEncoding = 4; lastKnownFileType = sourcecode.swift; path = DefaultKeys.swift; sourceTree = "<group>"; };
		F4E926682D0435C700D98217 /* DefaultWrapper.swift */ = {isa = PBXFileReference; fileEncoding = 4; lastKnownFileType = sourcecode.swift; path = DefaultWrapper.swift; sourceTree = "<group>"; };
		F4E926702D043AD400D98217 /* ValidationMethods.swift */ = {isa = PBXFileReference; fileEncoding = 4; lastKnownFileType = sourcecode.swift; path = ValidationMethods.swift; sourceTree = "<group>"; };
		F4E926732D043CD300D98217 /* LoginModel.swift */ = {isa = PBXFileReference; lastKnownFileType = sourcecode.swift; path = LoginModel.swift; sourceTree = "<group>"; };
		F4E926752D04455800D98217 /* CommonDelegates.swift */ = {isa = PBXFileReference; lastKnownFileType = sourcecode.swift; path = CommonDelegates.swift; sourceTree = "<group>"; };
		F4E926782D046D7B00D98217 /* NetworkError.swift */ = {isa = PBXFileReference; fileEncoding = 4; lastKnownFileType = sourcecode.swift; path = NetworkError.swift; sourceTree = "<group>"; };
		F4E9267A2D046DAB00D98217 /* ErrorStrings.swift */ = {isa = PBXFileReference; fileEncoding = 4; lastKnownFileType = sourcecode.swift; path = ErrorStrings.swift; sourceTree = "<group>"; };
		F4E9267C2D046DDA00D98217 /* CommonModels.swift */ = {isa = PBXFileReference; lastKnownFileType = sourcecode.swift; path = CommonModels.swift; sourceTree = "<group>"; };
		F4E9267E2D04711900D98217 /* TournamentsVM.swift */ = {isa = PBXFileReference; lastKnownFileType = sourcecode.swift; path = TournamentsVM.swift; sourceTree = "<group>"; };
		F4E926802D04713000D98217 /* TournamentsModel.swift */ = {isa = PBXFileReference; lastKnownFileType = sourcecode.swift; path = TournamentsModel.swift; sourceTree = "<group>"; };
		F4EC46EE2D00653B00EFC57F /* TournamentCell.swift */ = {isa = PBXFileReference; lastKnownFileType = sourcecode.swift; path = TournamentCell.swift; sourceTree = "<group>"; };
		F4EC46EF2D00653B00EFC57F /* TournamentCell.xib */ = {isa = PBXFileReference; lastKnownFileType = file.xib; path = TournamentCell.xib; sourceTree = "<group>"; };
		F4EC46F22D007DC300EFC57F /* TableViewExt.swift */ = {isa = PBXFileReference; lastKnownFileType = sourcecode.swift; path = TableViewExt.swift; sourceTree = "<group>"; };
/* End PBXFileReference section */

/* Begin PBXFrameworksBuildPhase section */
		F4AE35282CFD9A3100766A02 /* Frameworks */ = {
			isa = PBXFrameworksBuildPhase;
			buildActionMask = 2147483647;
			files = (
				FD76DDB4238C61EDFAC4D410 /* Pods_bidNPlay.framework in Frameworks */,
			);
			runOnlyForDeploymentPostprocessing = 0;
		};
/* End PBXFrameworksBuildPhase section */

/* Begin PBXGroup section */
		535BD0E2EEC54AF59B0D0416 /* Frameworks */ = {
			isa = PBXGroup;
			children = (
				A8F791C94A2AD317F76CF026 /* Pods_bidNPlay.framework */,
			);
			name = Frameworks;
			sourceTree = "<group>";
		};
		D72FF43ED42E441D61B40741 /* Pods */ = {
			isa = PBXGroup;
			children = (
				AC337FC5C0BA44A4A3A806A3 /* Pods-bidNPlay.debug.xcconfig */,
				AE7D68D4C9662C5086586924 /* Pods-bidNPlay.release.xcconfig */,
			);
			path = Pods;
			sourceTree = "<group>";
		};
		F430664B2D01C3FD003D0EC6 /* Tournament Details */ = {
			isa = PBXGroup;
			children = (
				F43066502D01C60E003D0EC6 /* Cells */,
				F430664C2D01C42B003D0EC6 /* TournamentDetailVC.swift */,
				F430664D2D01C42B003D0EC6 /* TournamentDetailVC.xib */,
			);
			path = "Tournament Details";
			sourceTree = "<group>";
		};
		F43066502D01C60E003D0EC6 /* Cells */ = {
			isa = PBXGroup;
			children = (
				F43066572D01C719003D0EC6 /* Player Cell */,
				F43066562D01C706003D0EC6 /* Data Cell */,
			);
			path = Cells;
			sourceTree = "<group>";
		};
		F43066552D01C6F5003D0EC6 /* Tournament Cell */ = {
			isa = PBXGroup;
			children = (
				F4EC46EE2D00653B00EFC57F /* TournamentCell.swift */,
				F4EC46EF2D00653B00EFC57F /* TournamentCell.xib */,
			);
			path = "Tournament Cell";
			sourceTree = "<group>";
		};
		F43066562D01C706003D0EC6 /* Data Cell */ = {
			isa = PBXGroup;
			children = (
				F43066512D01C62E003D0EC6 /* DataCell.swift */,
				F43066522D01C62E003D0EC6 /* DataCell.xib */,
			);
			path = "Data Cell";
			sourceTree = "<group>";
		};
		F43066572D01C719003D0EC6 /* Player Cell */ = {
			isa = PBXGroup;
			children = (
			);
			path = "Player Cell";
			sourceTree = "<group>";
		};
		F43A8B972D003C030098F83B /* Dashboard */ = {
			isa = PBXGroup;
			children = (
				F43A8B982D003CB40098F83B /* DashboardTab.swift */,
				F43A8B992D003CB40098F83B /* DashboardTab.xib */,
			);
			path = Dashboard;
			sourceTree = "<group>";
		};
		F43A8B9C2D0054B40098F83B /* Tournaments */ = {
			isa = PBXGroup;
			children = (
				F4EC46ED2D00651400EFC57F /* Cells */,
				F43A8B9D2D0054D00098F83B /* TournamentsVC.swift */,
				F43A8B9E2D0054D00098F83B /* TournamentsVC.xib */,
				F4E9267E2D04711900D98217 /* TournamentsVM.swift */,
				F4E926802D04713000D98217 /* TournamentsModel.swift */,
			);
			path = Tournaments;
			sourceTree = "<group>";
		};
		F43A8BA12D0054DE0098F83B /* Ranking */ = {
			isa = PBXGroup;
			children = (
				F43A8BA22D00550A0098F83B /* RankingVC.swift */,
				F43A8BA32D00550A0098F83B /* RankingVC.xib */,
			);
			path = Ranking;
			sourceTree = "<group>";
		};
		F43A8BA62D0055270098F83B /* Settings */ = {
			isa = PBXGroup;
			children = (
				F43A8BA72D0055CD0098F83B /* SettingsVC.swift */,
				F43A8BA82D0055CD0098F83B /* SettingsVC.xib */,
			);
			path = Settings;
			sourceTree = "<group>";
		};
		F47F64D12CFEF801002F8930 /* Register */ = {
			isa = PBXGroup;
			children = (
				F47F64D22CFEF976002F8930 /* RegisterVC.swift */,
				F47F64D32CFEF976002F8930 /* RegisterVC.xib */,
			);
			path = Register;
			sourceTree = "<group>";
		};
		F47F64DA2CFF0E62002F8930 /* ADCountryPicker */ = {
			isa = PBXGroup;
			children = (
				F47F64D62CFF0E62002F8930 /* ADCountry.swift */,
				F47F64D72CFF0E62002F8930 /* ADCountryPicker.swift */,
				F47F64D82CFF0E62002F8930 /* assets.bundle */,
				F47F64D92CFF0E62002F8930 /* CallingCodes.plist */,
			);
			path = ADCountryPicker;
			sourceTree = "<group>";
		};
		F47F64DF2CFF2ABE002F8930 /* OTP */ = {
			isa = PBXGroup;
			children = (
				F47F64E02CFF2B04002F8930 /* OTPVC.swift */,
				F47F64E12CFF2B04002F8930 /* OTPVC.xib */,
			);
			path = OTP;
			sourceTree = "<group>";
		};
		F4AE35222CFD9A3100766A02 = {
			isa = PBXGroup;
			children = (
				F4AE352D2CFD9A3200766A02 /* bidNPlay */,
				F4AE352C2CFD9A3100766A02 /* Products */,
				D72FF43ED42E441D61B40741 /* Pods */,
				535BD0E2EEC54AF59B0D0416 /* Frameworks */,
			);
			sourceTree = "<group>";
		};
		F4AE352C2CFD9A3100766A02 /* Products */ = {
			isa = PBXGroup;
			children = (
				F4AE352B2CFD9A3100766A02 /* bidNPlay.app */,
			);
			name = Products;
			sourceTree = "<group>";
		};
		F4AE352D2CFD9A3200766A02 /* bidNPlay */ = {
			isa = PBXGroup;
			children = (
				F4E9266F2D04374600D98217 /* Configs */,
				F4AE35542CFDA62800766A02 /* Modules */,
				F4AE35432CFDA32800766A02 /* Utils */,
				F4E9266A2D0435C700D98217 /* Services */,
				F4AE35422CFDA30B00766A02 /* Resources */,
				F4AE352E2CFD9A3200766A02 /* AppDelegate.swift */,
				F4AE35302CFD9A3200766A02 /* SceneDelegate.swift */,
				F4AE353C2CFD9A3200766A02 /* Info.plist */,
				F4AE35682CFDAA5D00766A02 /* Main.storyboard */,
			);
			path = bidNPlay;
			sourceTree = "<group>";
		};
		F4AE35422CFDA30B00766A02 /* Resources */ = {
			isa = PBXGroup;
			children = (
				F4AE35492CFDA34900766A02 /* Fonts */,
				F4AE35372CFD9A3200766A02 /* Assets.xcassets */,
				F4AE35392CFD9A3200766A02 /* LaunchScreen.storyboard */,
			);
			path = Resources;
			sourceTree = "<group>";
		};
		F4AE35432CFDA32800766A02 /* Utils */ = {
			isa = PBXGroup;
			children = (
				F4E926772D046D7200D98217 /* Error */,
				F4E926712D043AD400D98217 /* Validation */,
				F47F64DA2CFF0E62002F8930 /* ADCountryPicker */,
				F4AE35652CFDA81E00766A02 /* Extensions */,
				F4AE355E2CFDA72300766A02 /* Constants */,
				F4AE355A2CFDA6E800766A02 /* Activity HUD */,
				F4AE35562CFDA66500766A02 /* BaseVC */,
				F4AE35522CFDA47100766A02 /* Colors */,
			);
			path = Utils;
			sourceTree = "<group>";
		};
		F4AE35492CFDA34900766A02 /* Fonts */ = {
			isa = PBXGroup;
			children = (
				F4AE35442CFDA34900766A02 /* Poppins-Bold.ttf */,
				F4AE35452CFDA34900766A02 /* Poppins-Light.ttf */,
				F4AE35462CFDA34900766A02 /* Poppins-Medium.ttf */,
				F4AE35472CFDA34900766A02 /* Poppins-Regular.ttf */,
				F4AE35482CFDA34900766A02 /* Poppins-SemiBold.ttf */,
				F4AE354F2CFDA37F00766A02 /* FontExtension.swift */,
			);
			path = Fonts;
			sourceTree = "<group>";
		};
		F4AE35522CFDA47100766A02 /* Colors */ = {
			isa = PBXGroup;
			children = (
				F4AE35512CFDA47100766A02 /* CustomColor.swift */,
			);
			path = Colors;
			sourceTree = "<group>";
		};
		F4AE35542CFDA62800766A02 /* Modules */ = {
			isa = PBXGroup;
			children = (
				F430664B2D01C3FD003D0EC6 /* Tournament Details */,
				F43A8BA62D0055270098F83B /* Settings */,
				F43A8BA12D0054DE0098F83B /* Ranking */,
				F43A8B9C2D0054B40098F83B /* Tournaments */,
				F43A8B972D003C030098F83B /* Dashboard */,
				F47F64DF2CFF2ABE002F8930 /* OTP */,
				F47F64D12CFEF801002F8930 /* Register */,
				F4AE35552CFDA62F00766A02 /* Login */,
			);
			path = Modules;
			sourceTree = "<group>";
		};
		F4AE35552CFDA62F00766A02 /* Login */ = {
			isa = PBXGroup;
			children = (
				F4AE35612CFDA7A700766A02 /* LoginVC.swift */,
				F4AE35622CFDA7A700766A02 /* LoginVC.xib */,
				F4E926622D04341500D98217 /* LoginVM.swift */,
				F4E926732D043CD300D98217 /* LoginModel.swift */,
			);
			path = Login;
			sourceTree = "<group>";
		};
		F4AE35562CFDA66500766A02 /* BaseVC */ = {
			isa = PBXGroup;
			children = (
				F4AE35572CFDA67400766A02 /* BaseVC.swift */,
				F4E926752D04455800D98217 /* CommonDelegates.swift */,
				F4E9267C2D046DDA00D98217 /* CommonModels.swift */,
			);
			path = BaseVC;
			sourceTree = "<group>";
		};
		F4AE355A2CFDA6E800766A02 /* Activity HUD */ = {
			isa = PBXGroup;
			children = (
				F4AE35592CFDA6E800766A02 /* ActivityHUD.swift */,
			);
			path = "Activity HUD";
			sourceTree = "<group>";
		};
		F4AE355E2CFDA72300766A02 /* Constants */ = {
			isa = PBXGroup;
			children = (
				F4AE355C2CFDA72300766A02 /* CommonConstants.swift */,
				F4AE355D2CFDA72300766A02 /* ViewConstants.swift */,
			);
			path = Constants;
			sourceTree = "<group>";
		};
		F4AE35652CFDA81E00766A02 /* Extensions */ = {
			isa = PBXGroup;
			children = (
				F4AE35662CFDA83600766A02 /* NibExt.swift */,
				F47F64CD2CFEF079002F8930 /* ButtonExt.swift */,
				F47F64CF2CFEF2C4002F8930 /* TextFieldExt.swift */,
				F47F64E42CFF3209002F8930 /* LabelExt.swift */,
				F4EC46F22D007DC300EFC57F /* TableViewExt.swift */,
			);
			path = Extensions;
			sourceTree = "<group>";
		};
		F4E926662D0435C700D98217 /* API Service */ = {
			isa = PBXGroup;
			children = (
				F4E926642D0435C700D98217 /* NetworkManager.swift */,
				F4E926652D0435C700D98217 /* NetworkUrls.swift */,
			);
			path = "API Service";
			sourceTree = "<group>";
		};
		F4E926692D0435C700D98217 /* UserDefault Service */ = {
			isa = PBXGroup;
			children = (
				F4E926672D0435C700D98217 /* DefaultKeys.swift */,
				F4E926682D0435C700D98217 /* DefaultWrapper.swift */,
			);
			path = "UserDefault Service";
			sourceTree = "<group>";
		};
		F4E9266A2D0435C700D98217 /* Services */ = {
			isa = PBXGroup;
			children = (
				F4E926662D0435C700D98217 /* API Service */,
				F4E926692D0435C700D98217 /* UserDefault Service */,
			);
			path = Services;
			sourceTree = "<group>";
		};
		F4E9266F2D04374600D98217 /* Configs */ = {
			isa = PBXGroup;
			children = (
			);
			path = Configs;
			sourceTree = "<group>";
		};
		F4E926712D043AD400D98217 /* Validation */ = {
			isa = PBXGroup;
			children = (
				F4E926702D043AD400D98217 /* ValidationMethods.swift */,
			);
			path = Validation;
			sourceTree = "<group>";
		};
		F4E926772D046D7200D98217 /* Error */ = {
			isa = PBXGroup;
			children = (
				F4E926782D046D7B00D98217 /* NetworkError.swift */,
				F4E9267A2D046DAB00D98217 /* ErrorStrings.swift */,
			);
			path = Error;
			sourceTree = "<group>";
		};
		F4EC46ED2D00651400EFC57F /* Cells */ = {
			isa = PBXGroup;
			children = (
				F43066552D01C6F5003D0EC6 /* Tournament Cell */,
			);
			path = Cells;
			sourceTree = "<group>";
		};
/* End PBXGroup section */

/* Begin PBXNativeTarget section */
		F4AE352A2CFD9A3100766A02 /* bidNPlay */ = {
			isa = PBXNativeTarget;
			buildConfigurationList = F4AE353F2CFD9A3200766A02 /* Build configuration list for PBXNativeTarget "bidNPlay" */;
			buildPhases = (
				827B5AEB8BB9E54F06872E44 /* [CP] Check Pods Manifest.lock */,
				F4AE35272CFD9A3100766A02 /* Sources */,
				F4AE35282CFD9A3100766A02 /* Frameworks */,
				F4AE35292CFD9A3100766A02 /* Resources */,
				F570715D4FD5C1D5DFF684FB /* [CP] Embed Pods Frameworks */,
			);
			buildRules = (
			);
			dependencies = (
			);
			name = bidNPlay;
			productName = bidNPlay;
			productReference = F4AE352B2CFD9A3100766A02 /* bidNPlay.app */;
			productType = "com.apple.product-type.application";
		};
/* End PBXNativeTarget section */

/* Begin PBXProject section */
		F4AE35232CFD9A3100766A02 /* Project object */ = {
			isa = PBXProject;
			attributes = {
				BuildIndependentTargetsInParallel = 1;
				LastSwiftUpdateCheck = 1540;
				LastUpgradeCheck = 1540;
				TargetAttributes = {
					F4AE352A2CFD9A3100766A02 = {
						CreatedOnToolsVersion = 15.4;
					};
				};
			};
			buildConfigurationList = F4AE35262CFD9A3100766A02 /* Build configuration list for PBXProject "bidNPlay" */;
			compatibilityVersion = "Xcode 14.0";
			developmentRegion = en;
			hasScannedForEncodings = 0;
			knownRegions = (
				en,
				Base,
			);
			mainGroup = F4AE35222CFD9A3100766A02;
			productRefGroup = F4AE352C2CFD9A3100766A02 /* Products */;
			projectDirPath = "";
			projectRoot = "";
			targets = (
				F4AE352A2CFD9A3100766A02 /* bidNPlay */,
			);
		};
/* End PBXProject section */

/* Begin PBXResourcesBuildPhase section */
		F4AE35292CFD9A3100766A02 /* Resources */ = {
			isa = PBXResourcesBuildPhase;
			buildActionMask = 2147483647;
			files = (
				F4AE35382CFD9A3200766A02 /* Assets.xcassets in Resources */,
				F43A8BA52D00550A0098F83B /* RankingVC.xib in Resources */,
				F4AE354B2CFDA34900766A02 /* Poppins-Light.ttf in Resources */,
				F43066532D01C62E003D0EC6 /* DataCell.xib in Resources */,
				F4AE354D2CFDA34900766A02 /* Poppins-Regular.ttf in Resources */,
				F430664E2D01C42B003D0EC6 /* TournamentDetailVC.xib in Resources */,
				F4AE353B2CFD9A3200766A02 /* Base in Resources */,
				F4AE354C2CFDA34900766A02 /* Poppins-Medium.ttf in Resources */,
				F4AE354E2CFDA34900766A02 /* Poppins-SemiBold.ttf in Resources */,
				F43A8BAA2D0055CD0098F83B /* SettingsVC.xib in Resources */,
				F4AE35692CFDAA5D00766A02 /* Main.storyboard in Resources */,
				F4AE35642CFDA7A700766A02 /* LoginVC.xib in Resources */,
				F4EC46F12D00653B00EFC57F /* TournamentCell.xib in Resources */,
				F43A8B9B2D003CB40098F83B /* DashboardTab.xib in Resources */,
				F43A8BA02D0054D00098F83B /* TournamentsVC.xib in Resources */,
				F47F64DE2CFF0E62002F8930 /* CallingCodes.plist in Resources */,
				F47F64DD2CFF0E62002F8930 /* assets.bundle in Resources */,
				F47F64E22CFF2B04002F8930 /* OTPVC.xib in Resources */,
				F4AE354A2CFDA34900766A02 /* Poppins-Bold.ttf in Resources */,
				F47F64D42CFEF976002F8930 /* RegisterVC.xib in Resources */,
			);
			runOnlyForDeploymentPostprocessing = 0;
		};
/* End PBXResourcesBuildPhase section */

/* Begin PBXShellScriptBuildPhase section */
		827B5AEB8BB9E54F06872E44 /* [CP] Check Pods Manifest.lock */ = {
			isa = PBXShellScriptBuildPhase;
			buildActionMask = 2147483647;
			files = (
			);
			inputFileListPaths = (
			);
			inputPaths = (
				"${PODS_PODFILE_DIR_PATH}/Podfile.lock",
				"${PODS_ROOT}/Manifest.lock",
			);
			name = "[CP] Check Pods Manifest.lock";
			outputFileListPaths = (
			);
			outputPaths = (
				"$(DERIVED_FILE_DIR)/Pods-bidNPlay-checkManifestLockResult.txt",
			);
			runOnlyForDeploymentPostprocessing = 0;
			shellPath = /bin/sh;
			shellScript = "diff \"${PODS_PODFILE_DIR_PATH}/Podfile.lock\" \"${PODS_ROOT}/Manifest.lock\" > /dev/null\nif [ $? != 0 ] ; then\n    # print error to STDERR\n    echo \"error: The sandbox is not in sync with the Podfile.lock. Run 'pod install' or update your CocoaPods installation.\" >&2\n    exit 1\nfi\n# This output is used by Xcode 'outputs' to avoid re-running this script phase.\necho \"SUCCESS\" > \"${SCRIPT_OUTPUT_FILE_0}\"\n";
			showEnvVarsInLog = 0;
		};
		F570715D4FD5C1D5DFF684FB /* [CP] Embed Pods Frameworks */ = {
			isa = PBXShellScriptBuildPhase;
			buildActionMask = 2147483647;
			files = (
			);
			inputFileListPaths = (
				"${PODS_ROOT}/Target Support Files/Pods-bidNPlay/Pods-bidNPlay-frameworks-${CONFIGURATION}-input-files.xcfilelist",
			);
			name = "[CP] Embed Pods Frameworks";
			outputFileListPaths = (
				"${PODS_ROOT}/Target Support Files/Pods-bidNPlay/Pods-bidNPlay-frameworks-${CONFIGURATION}-output-files.xcfilelist",
			);
			runOnlyForDeploymentPostprocessing = 0;
			shellPath = /bin/sh;
			shellScript = "\"${PODS_ROOT}/Target Support Files/Pods-bidNPlay/Pods-bidNPlay-frameworks.sh\"\n";
			showEnvVarsInLog = 0;
		};
/* End PBXShellScriptBuildPhase section */

/* Begin PBXSourcesBuildPhase section */
		F4AE35272CFD9A3100766A02 /* Sources */ = {
			isa = PBXSourcesBuildPhase;
			buildActionMask = 2147483647;
			files = (
				F4E926722D043AD400D98217 /* ValidationMethods.swift in Sources */,
				F4E9266B2D0435C700D98217 /* NetworkManager.swift in Sources */,
				F4E9266D2D0435C700D98217 /* DefaultKeys.swift in Sources */,
				F4E926762D04455800D98217 /* CommonDelegates.swift in Sources */,
				F47F64CE2CFEF079002F8930 /* ButtonExt.swift in Sources */,
				F4AE352F2CFD9A3200766A02 /* AppDelegate.swift in Sources */,
				F47F64E32CFF2B04002F8930 /* OTPVC.swift in Sources */,
				F4AE35502CFDA37F00766A02 /* FontExtension.swift in Sources */,
				F4EC46F02D00653B00EFC57F /* TournamentCell.swift in Sources */,
				F4AE355F2CFDA72300766A02 /* CommonConstants.swift in Sources */,
				F4EC46F32D007DC300EFC57F /* TableViewExt.swift in Sources */,
				F4E9267B2D046DAB00D98217 /* ErrorStrings.swift in Sources */,
				F4AE355B2CFDA6E800766A02 /* ActivityHUD.swift in Sources */,
				F4AE35532CFDA47100766A02 /* CustomColor.swift in Sources */,
				F4AE35632CFDA7A700766A02 /* LoginVC.swift in Sources */,
				F43A8B9A2D003CB40098F83B /* DashboardTab.swift in Sources */,
				F4E9266C2D0435C700D98217 /* NetworkUrls.swift in Sources */,
				F4AE35312CFD9A3200766A02 /* SceneDelegate.swift in Sources */,
				F4E926792D046D7B00D98217 /* NetworkError.swift in Sources */,
				F47F64E52CFF3209002F8930 /* LabelExt.swift in Sources */,
				F4AE35602CFDA72300766A02 /* ViewConstants.swift in Sources */,
				F4E9267F2D04711900D98217 /* TournamentsVM.swift in Sources */,
				F4E926632D04341500D98217 /* LoginVM.swift in Sources */,
				F4E9267D2D046DDA00D98217 /* CommonModels.swift in Sources */,
				F47F64DC2CFF0E62002F8930 /* ADCountryPicker.swift in Sources */,
				F43A8BA42D00550A0098F83B /* RankingVC.swift in Sources */,
				F4E926742D043CD300D98217 /* LoginModel.swift in Sources */,
				F47F64DB2CFF0E62002F8930 /* ADCountry.swift in Sources */,
				F43A8B9F2D0054D00098F83B /* TournamentsVC.swift in Sources */,
				F43066542D01C62E003D0EC6 /* DataCell.swift in Sources */,
				F4AE35582CFDA67400766A02 /* BaseVC.swift in Sources */,
				F4AE35672CFDA83600766A02 /* NibExt.swift in Sources */,
				F4E9266E2D0435C700D98217 /* DefaultWrapper.swift in Sources */,
				F430664F2D01C42B003D0EC6 /* TournamentDetailVC.swift in Sources */,
				F47F64D02CFEF2C4002F8930 /* TextFieldExt.swift in Sources */,
				F47F64D52CFEF976002F8930 /* RegisterVC.swift in Sources */,
				F4E926812D04713000D98217 /* TournamentsModel.swift in Sources */,
				F43A8BA92D0055CD0098F83B /* SettingsVC.swift in Sources */,
			);
			runOnlyForDeploymentPostprocessing = 0;
		};
/* End PBXSourcesBuildPhase section */

/* Begin PBXVariantGroup section */
		F4AE35392CFD9A3200766A02 /* LaunchScreen.storyboard */ = {
			isa = PBXVariantGroup;
			children = (
				F4AE353A2CFD9A3200766A02 /* Base */,
			);
			name = LaunchScreen.storyboard;
			sourceTree = "<group>";
		};
/* End PBXVariantGroup section */

/* Begin XCBuildConfiguration section */
		F4AE353D2CFD9A3200766A02 /* Debug */ = {
			isa = XCBuildConfiguration;
			buildSettings = {
				ALWAYS_SEARCH_USER_PATHS = NO;
				ASSETCATALOG_COMPILER_GENERATE_SWIFT_ASSET_SYMBOL_EXTENSIONS = YES;
				CLANG_ANALYZER_NONNULL = YES;
				CLANG_ANALYZER_NUMBER_OBJECT_CONVERSION = YES_AGGRESSIVE;
				CLANG_CXX_LANGUAGE_STANDARD = "gnu++20";
				CLANG_ENABLE_MODULES = YES;
				CLANG_ENABLE_OBJC_ARC = YES;
				CLANG_ENABLE_OBJC_WEAK = YES;
				CLANG_WARN_BLOCK_CAPTURE_AUTORELEASING = YES;
				CLANG_WARN_BOOL_CONVERSION = YES;
				CLANG_WARN_COMMA = YES;
				CLANG_WARN_CONSTANT_CONVERSION = YES;
				CLANG_WARN_DEPRECATED_OBJC_IMPLEMENTATIONS = YES;
				CLANG_WARN_DIRECT_OBJC_ISA_USAGE = YES_ERROR;
				CLANG_WARN_DOCUMENTATION_COMMENTS = YES;
				CLANG_WARN_EMPTY_BODY = YES;
				CLANG_WARN_ENUM_CONVERSION = YES;
				CLANG_WARN_INFINITE_RECURSION = YES;
				CLANG_WARN_INT_CONVERSION = YES;
				CLANG_WARN_NON_LITERAL_NULL_CONVERSION = YES;
				CLANG_WARN_OBJC_IMPLICIT_RETAIN_SELF = YES;
				CLANG_WARN_OBJC_LITERAL_CONVERSION = YES;
				CLANG_WARN_OBJC_ROOT_CLASS = YES_ERROR;
				CLANG_WARN_QUOTED_INCLUDE_IN_FRAMEWORK_HEADER = YES;
				CLANG_WARN_RANGE_LOOP_ANALYSIS = YES;
				CLANG_WARN_STRICT_PROTOTYPES = YES;
				CLANG_WARN_SUSPICIOUS_MOVE = YES;
				CLANG_WARN_UNGUARDED_AVAILABILITY = YES_AGGRESSIVE;
				CLANG_WARN_UNREACHABLE_CODE = YES;
				CLANG_WARN__DUPLICATE_METHOD_MATCH = YES;
				COPY_PHASE_STRIP = NO;
				DEBUG_INFORMATION_FORMAT = dwarf;
				ENABLE_STRICT_OBJC_MSGSEND = YES;
				ENABLE_TESTABILITY = YES;
				ENABLE_USER_SCRIPT_SANDBOXING = NO;
				GCC_C_LANGUAGE_STANDARD = gnu17;
				GCC_DYNAMIC_NO_PIC = NO;
				GCC_NO_COMMON_BLOCKS = YES;
				GCC_OPTIMIZATION_LEVEL = 0;
				GCC_PREPROCESSOR_DEFINITIONS = (
					"DEBUG=1",
					"$(inherited)",
				);
				GCC_WARN_64_TO_32_BIT_CONVERSION = YES;
				GCC_WARN_ABOUT_RETURN_TYPE = YES_ERROR;
				GCC_WARN_UNDECLARED_SELECTOR = YES;
				GCC_WARN_UNINITIALIZED_AUTOS = YES_AGGRESSIVE;
				GCC_WARN_UNUSED_FUNCTION = YES;
				GCC_WARN_UNUSED_VARIABLE = YES;
				IPHONEOS_DEPLOYMENT_TARGET = 17.5;
				LOCALIZATION_PREFERS_STRING_CATALOGS = YES;
				MTL_ENABLE_DEBUG_INFO = INCLUDE_SOURCE;
				MTL_FAST_MATH = YES;
				ONLY_ACTIVE_ARCH = YES;
				SDKROOT = iphoneos;
				SWIFT_ACTIVE_COMPILATION_CONDITIONS = "DEBUG $(inherited)";
				SWIFT_OPTIMIZATION_LEVEL = "-Onone";
			};
			name = Debug;
		};
		F4AE353E2CFD9A3200766A02 /* Release */ = {
			isa = XCBuildConfiguration;
			buildSettings = {
				ALWAYS_SEARCH_USER_PATHS = NO;
				ASSETCATALOG_COMPILER_GENERATE_SWIFT_ASSET_SYMBOL_EXTENSIONS = YES;
				CLANG_ANALYZER_NONNULL = YES;
				CLANG_ANALYZER_NUMBER_OBJECT_CONVERSION = YES_AGGRESSIVE;
				CLANG_CXX_LANGUAGE_STANDARD = "gnu++20";
				CLANG_ENABLE_MODULES = YES;
				CLANG_ENABLE_OBJC_ARC = YES;
				CLANG_ENABLE_OBJC_WEAK = YES;
				CLANG_WARN_BLOCK_CAPTURE_AUTORELEASING = YES;
				CLANG_WARN_BOOL_CONVERSION = YES;
				CLANG_WARN_COMMA = YES;
				CLANG_WARN_CONSTANT_CONVERSION = YES;
				CLANG_WARN_DEPRECATED_OBJC_IMPLEMENTATIONS = YES;
				CLANG_WARN_DIRECT_OBJC_ISA_USAGE = YES_ERROR;
				CLANG_WARN_DOCUMENTATION_COMMENTS = YES;
				CLANG_WARN_EMPTY_BODY = YES;
				CLANG_WARN_ENUM_CONVERSION = YES;
				CLANG_WARN_INFINITE_RECURSION = YES;
				CLANG_WARN_INT_CONVERSION = YES;
				CLANG_WARN_NON_LITERAL_NULL_CONVERSION = YES;
				CLANG_WARN_OBJC_IMPLICIT_RETAIN_SELF = YES;
				CLANG_WARN_OBJC_LITERAL_CONVERSION = YES;
				CLANG_WARN_OBJC_ROOT_CLASS = YES_ERROR;
				CLANG_WARN_QUOTED_INCLUDE_IN_FRAMEWORK_HEADER = YES;
				CLANG_WARN_RANGE_LOOP_ANALYSIS = YES;
				CLANG_WARN_STRICT_PROTOTYPES = YES;
				CLANG_WARN_SUSPICIOUS_MOVE = YES;
				CLANG_WARN_UNGUARDED_AVAILABILITY = YES_AGGRESSIVE;
				CLANG_WARN_UNREACHABLE_CODE = YES;
				CLANG_WARN__DUPLICATE_METHOD_MATCH = YES;
				COPY_PHASE_STRIP = NO;
				DEBUG_INFORMATION_FORMAT = "dwarf-with-dsym";
				ENABLE_NS_ASSERTIONS = NO;
				ENABLE_STRICT_OBJC_MSGSEND = YES;
				ENABLE_USER_SCRIPT_SANDBOXING = NO;
				GCC_C_LANGUAGE_STANDARD = gnu17;
				GCC_NO_COMMON_BLOCKS = YES;
				GCC_WARN_64_TO_32_BIT_CONVERSION = YES;
				GCC_WARN_ABOUT_RETURN_TYPE = YES_ERROR;
				GCC_WARN_UNDECLARED_SELECTOR = YES;
				GCC_WARN_UNINITIALIZED_AUTOS = YES_AGGRESSIVE;
				GCC_WARN_UNUSED_FUNCTION = YES;
				GCC_WARN_UNUSED_VARIABLE = YES;
				IPHONEOS_DEPLOYMENT_TARGET = 17.5;
				LOCALIZATION_PREFERS_STRING_CATALOGS = YES;
				MTL_ENABLE_DEBUG_INFO = NO;
				MTL_FAST_MATH = YES;
				SDKROOT = iphoneos;
				SWIFT_COMPILATION_MODE = wholemodule;
				VALIDATE_PRODUCT = YES;
			};
			name = Release;
		};
		F4AE35402CFD9A3200766A02 /* Debug */ = {
			isa = XCBuildConfiguration;
			baseConfigurationReference = AC337FC5C0BA44A4A3A806A3 /* Pods-bidNPlay.debug.xcconfig */;
			buildSettings = {
				ASSETCATALOG_COMPILER_APPICON_NAME = AppIcon;
				ASSETCATALOG_COMPILER_GLOBAL_ACCENT_COLOR_NAME = AccentColor;
				CODE_SIGN_STYLE = Automatic;
				CURRENT_PROJECT_VERSION = 1;
				DEVELOPMENT_TEAM = M6D7YVZC25;
				GENERATE_INFOPLIST_FILE = YES;
				INFOPLIST_FILE = bidNPlay/Info.plist;
				INFOPLIST_KEY_LSApplicationCategoryType = "public.app-category.entertainment";
				INFOPLIST_KEY_UIApplicationSupportsIndirectInputEvents = YES;
				INFOPLIST_KEY_UILaunchStoryboardName = LaunchScreen;
				INFOPLIST_KEY_UIMainStoryboardFile = Main;
				INFOPLIST_KEY_UISupportedInterfaceOrientations = UIInterfaceOrientationPortrait;
				INFOPLIST_KEY_UISupportedInterfaceOrientations_iPad = "UIInterfaceOrientationLandscapeLeft UIInterfaceOrientationLandscapeRight UIInterfaceOrientationPortrait UIInterfaceOrientationPortraitUpsideDown";
				LD_RUNPATH_SEARCH_PATHS = (
					"$(inherited)",
					"@executable_path/Frameworks",
				);
				MARKETING_VERSION = 1.0;
				PRODUCT_BUNDLE_IDENTIFIER = com.sqt.bidNPlay;
				PRODUCT_NAME = "$(TARGET_NAME)";
				SUPPORTED_PLATFORMS = "iphoneos iphonesimulator";
				SUPPORTS_MACCATALYST = NO;
				SUPPORTS_MAC_DESIGNED_FOR_IPHONE_IPAD = NO;
				SUPPORTS_XR_DESIGNED_FOR_IPHONE_IPAD = NO;
				SWIFT_EMIT_LOC_STRINGS = YES;
				SWIFT_VERSION = 5.0;
				TARGETED_DEVICE_FAMILY = 1;
			};
			name = Debug;
		};
		F4AE35412CFD9A3200766A02 /* Release */ = {
			isa = XCBuildConfiguration;
			baseConfigurationReference = AE7D68D4C9662C5086586924 /* Pods-bidNPlay.release.xcconfig */;
			buildSettings = {
				ASSETCATALOG_COMPILER_APPICON_NAME = AppIcon;
				ASSETCATALOG_COMPILER_GLOBAL_ACCENT_COLOR_NAME = AccentColor;
				CODE_SIGN_STYLE = Automatic;
				CURRENT_PROJECT_VERSION = 1;
				DEVELOPMENT_TEAM = M6D7YVZC25;
				GENERATE_INFOPLIST_FILE = YES;
				INFOPLIST_FILE = bidNPlay/Info.plist;
				INFOPLIST_KEY_LSApplicationCategoryType = "public.app-category.entertainment";
				INFOPLIST_KEY_UIApplicationSupportsIndirectInputEvents = YES;
				INFOPLIST_KEY_UILaunchStoryboardName = LaunchScreen;
				INFOPLIST_KEY_UIMainStoryboardFile = Main;
				INFOPLIST_KEY_UISupportedInterfaceOrientations = UIInterfaceOrientationPortrait;
				INFOPLIST_KEY_UISupportedInterfaceOrientations_iPad = "UIInterfaceOrientationLandscapeLeft UIInterfaceOrientationLandscapeRight UIInterfaceOrientationPortrait UIInterfaceOrientationPortraitUpsideDown";
				LD_RUNPATH_SEARCH_PATHS = (
					"$(inherited)",
					"@executable_path/Frameworks",
				);
				MARKETING_VERSION = 1.0;
				PRODUCT_BUNDLE_IDENTIFIER = com.sqt.bidNPlay;
				PRODUCT_NAME = "$(TARGET_NAME)";
				SUPPORTED_PLATFORMS = "iphoneos iphonesimulator";
				SUPPORTS_MACCATALYST = NO;
				SUPPORTS_MAC_DESIGNED_FOR_IPHONE_IPAD = NO;
				SUPPORTS_XR_DESIGNED_FOR_IPHONE_IPAD = NO;
				SWIFT_EMIT_LOC_STRINGS = YES;
				SWIFT_VERSION = 5.0;
				TARGETED_DEVICE_FAMILY = 1;
			};
			name = Release;
		};
/* End XCBuildConfiguration section */

/* Begin XCConfigurationList section */
		F4AE35262CFD9A3100766A02 /* Build configuration list for PBXProject "bidNPlay" */ = {
			isa = XCConfigurationList;
			buildConfigurations = (
				F4AE353D2CFD9A3200766A02 /* Debug */,
				F4AE353E2CFD9A3200766A02 /* Release */,
			);
			defaultConfigurationIsVisible = 0;
			defaultConfigurationName = Release;
		};
		F4AE353F2CFD9A3200766A02 /* Build configuration list for PBXNativeTarget "bidNPlay" */ = {
			isa = XCConfigurationList;
			buildConfigurations = (
				F4AE35402CFD9A3200766A02 /* Debug */,
				F4AE35412CFD9A3200766A02 /* Release */,
			);
			defaultConfigurationIsVisible = 0;
			defaultConfigurationName = Release;
		};
/* End XCConfigurationList section */
	};
	rootObject = F4AE35232CFD9A3100766A02 /* Project object */;
}
